
Microsoft Visual Studio Solution File, Format Version 12.00
# Visual Studio 14
VisualStudioVersion = 14.0.25420.1
MinimumVisualStudioVersion = 10.0.40219.1
Project("{FAE04EC0-301F-11D3-BF4B-00C04F79EFBC}") = "LibraryManagementSystem", "LibraryManagementSystem\LibraryManagementSystem.csproj", "{07E67167-D062-4CF9-A77E-92E4C2361CD6}"
EndProject
Project("{FAE04EC0-301F-11D3-BF4B-00C04F79EFBC}") = "MailGenarationService", "MailGenarationService\MailGenarationService.csproj", "{A39D37D3-B940-45A4-A033-D524FBDC12F7}"
EndProject
Global
	GlobalSection(SolutionConfigurationPlatforms) = preSolution
		Debug|Any CPU = Debug|Any CPU
		Release|Any CPU = Release|Any CPU
	EndGlobalSection
	GlobalSection(ProjectConfigurationPlatforms) = postSolution
		{07E67167-D062-4CF9-A77E-92E4C2361CD6}.Debug|Any CPU.ActiveCfg = Debug|Any CPU
		{07E67167-D062-4CF9-A77E-92E4C2361CD6}.Debug|Any CPU.Build.0 = Debug|Any CPU
		{07E67167-D062-4CF9-A77E-92E4C2361CD6}.Release|Any CPU.ActiveCfg = Release|Any CPU
		{07E67167-D062-4CF9-A77E-92E4C2361CD6}.Release|Any CPU.Build.0 = Release|Any CPU
		{A39D37D3-B940-45A4-A033-D524FBDC12F7}.Debug|Any CPU.ActiveCfg = Debug|Any CPU
		{A39D37D3-B940-45A4-A033-D524FBDC12F7}.Debug|Any CPU.Build.0 = Debug|Any CPU
		{A39D37D3-B940-45A4-A033-D524FBDC12F7}.Release|Any CPU.ActiveCfg = Release|Any CPU
		{A39D37D3-B940-45A4-A033-D524FBDC12F7}.Release|Any CPU.Build.0 = Release|Any CPU
	EndGlobalSection
	GlobalSection(SolutionProperties) = preSolution
		HideSolutionNode = FALSE
	EndGlobalSection
EndGlobal
